
Microsoft Visual Studio Solution File, Format Version 12.00
# Visual Studio 14
VisualStudioVersion = 14.0.25420.1
MinimumVisualStudioVersion = 10.0.40219.1
Project("{FAE04EC0-301F-11D3-BF4B-00C04F79EFBC}") = "obs-websocket-dotnet", "obs-websocket-dotnet\obs-websocket-dotnet.csproj", "{C8668815-F21E-49C0-8F1A-58BC698153AF}"
EndProject
Project("{FAE04EC0-301F-11D3-BF4B-00C04F79EFBC}") = "obs-websocket-dotnet-tests", "obs-websocket-dotnet-tests\obs-websocket-dotnet-tests.csproj", "{107BEC4B-3EC4-4CA0-A53F-7D3678DC7017}"
EndProject
Project("{F184B08F-C81C-45F6-A57F-5ABD9991F28F}") = "OBSCommand", "OBSCommand\OBSCommand.vbproj", "{AA2331E3-AE5E-4CDA-AE32-214E6AE54944}"
EndProject
Project("{2150E333-8FDC-42A3-9474-1A3956D46DE8}") = "Solution Items", "Solution Items", "{5DA5CBED-4709-4E9D-B557-1584AF311237}"
	ProjectSection(SolutionItems) = preProject
		README.md = README.md
	EndProjectSection
EndProject
Global
	GlobalSection(SolutionConfigurationPlatforms) = preSolution
		Debug|Any CPU = Debug|Any CPU
		Release|Any CPU = Release|Any CPU
	EndGlobalSection
	GlobalSection(ProjectConfigurationPlatforms) = postSolution
		{C8668815-F21E-49C0-8F1A-58BC698153AF}.Debug|Any CPU.ActiveCfg = Debug|Any CPU
		{C8668815-F21E-49C0-8F1A-58BC698153AF}.Debug|Any CPU.Build.0 = Debug|Any CPU
		{C8668815-F21E-49C0-8F1A-58BC698153AF}.Release|Any CPU.ActiveCfg = Release|Any CPU
		{C8668815-F21E-49C0-8F1A-58BC698153AF}.Release|Any CPU.Build.0 = Release|Any CPU
		{107BEC4B-3EC4-4CA0-A53F-7D3678DC7017}.Debug|Any CPU.ActiveCfg = Debug|Any CPU
		{107BEC4B-3EC4-4CA0-A53F-7D3678DC7017}.Debug|Any CPU.Build.0 = Debug|Any CPU
		{107BEC4B-3EC4-4CA0-A53F-7D3678DC7017}.Release|Any CPU.ActiveCfg = Release|Any CPU
		{107BEC4B-3EC4-4CA0-A53F-7D3678DC7017}.Release|Any CPU.Build.0 = Release|Any CPU
		{AA2331E3-AE5E-4CDA-AE32-214E6AE54944}.Debug|Any CPU.ActiveCfg = Debug|Any CPU
		{AA2331E3-AE5E-4CDA-AE32-214E6AE54944}.Debug|Any CPU.Build.0 = Debug|Any CPU
		{AA2331E3-AE5E-4CDA-AE32-214E6AE54944}.Release|Any CPU.ActiveCfg = Release|Any CPU
		{AA2331E3-AE5E-4CDA-AE32-214E6AE54944}.Release|Any CPU.Build.0 = Release|Any CPU
	EndGlobalSection
	GlobalSection(SolutionProperties) = preSolution
		HideSolutionNode = FALSE
	EndGlobalSection
EndGlobal
